
Microsoft Visual Studio Solution File, Format Version 12.00
# Visual Studio Version 17
VisualStudioVersion = 17.0.31903.59
MinimumVisualStudioVersion = 10.0.40219.1
Project("{FAE04EC0-301F-11D3-BF4B-00C04F79EFBC}") = "EasyGold.API", "EasyGold.API\EasyGold.API.csproj", "{BC267BEB-C035-4D6E-B3AA-C20BAE658381}"
EndProject
Global
	GlobalSection(SolutionConfigurationPlatforms) = preSolution
		Debug|Any CPU = Debug|Any CPU
		Release|Any CPU = Release|Any CPU
	EndGlobalSection
	GlobalSection(SolutionProperties) = preSolution
		HideSolutionNode = FALSE
	EndGlobalSection
	GlobalSection(ProjectConfigurationPlatforms) = postSolution
		{C27F768A-D713-42D3-A227-39BFE15FF11F}.Debug|Any CPU.ActiveCfg = Debug|Any CPU
		{C27F768A-D713-42D3-A227-39BFE15FF11F}.Debug|Any CPU.Build.0 = Debug|Any CPU
		{C27F768A-D713-42D3-A227-39BFE15FF11F}.Release|Any CPU.ActiveCfg = Release|Any CPU
		{C27F768A-D713-42D3-A227-39BFE15FF11F}.Release|Any CPU.Build.0 = Release|Any CPU
		{BC267BEB-C035-4D6E-B3AA-C20BAE658381}.Debug|Any CPU.ActiveCfg = Debug|Any CPU
		{BC267BEB-C035-4D6E-B3AA-C20BAE658381}.Debug|Any CPU.Build.0 = Debug|Any CPU
		{BC267BEB-C035-4D6E-B3AA-C20BAE658381}.Release|Any CPU.ActiveCfg = Release|Any CPU
		{BC267BEB-C035-4D6E-B3AA-C20BAE658381}.Release|Any CPU.Build.0 = Release|Any CPU
	EndGlobalSection
EndGlobal
