Microsoft Visual Studio Solution File, Format Version 12.00
# Visual Studio Version 17
VisualStudioVersion = 17.5.2.0
MinimumVisualStudioVersion = 10.0.40219.1
Project("{FAE04EC0-301F-11D3-BF4B-00C04F79EFBC}") = "EasyGold.API", "EasyGold.API.csproj", "{0C735AE8-21CA-8B7A-D53F-6FACC8A84EBD}"
EndProject
Global
	GlobalSection(SolutionConfigurationPlatforms) = preSolution
		Debug|Any CPU = Debug|Any CPU
		Release|Any CPU = Release|Any CPU
	EndGlobalSection
	GlobalSection(ProjectConfigurationPlatforms) = postSolution
		{0C735AE8-21CA-8B7A-D53F-6FACC8A84EBD}.Debug|Any CPU.ActiveCfg = Debug|Any CPU
		{0C735AE8-21CA-8B7A-D53F-6FACC8A84EBD}.Debug|Any CPU.Build.0 = Debug|Any CPU
		{0C735AE8-21CA-8B7A-D53F-6FACC8A84EBD}.Release|Any CPU.ActiveCfg = Release|Any CPU
		{0C735AE8-21CA-8B7A-D53F-6FACC8A84EBD}.Release|Any CPU.Build.0 = Release|Any CPU
	EndGlobalSection
	GlobalSection(SolutionProperties) = preSolution
		HideSolutionNode = FALSE
	EndGlobalSection
	GlobalSection(ExtensibilityGlobals) = postSolution
		SolutionGuid = {8C310DA6-8930-491F-A3E2-964A729C4A30}
	EndGlobalSection
EndGlobal
